{
  "version": 4,
  "terraform_version": "1.4.4",
  "serial": 29,
  "lineage": "f83dc00a-4270-cb33-14e1-93bf7fb5647b",
  "outputs": {},
  "resources": [
    {
      "module": "module.rds",
      "mode": "managed",
      "type": "aws_db_instance",
      "name": "default",
      "provider": "provider[\"registry.terraform.io/hashicorp/aws\"]",
      "instances": [
        {
          "schema_version": 1,
          "attributes": {
            "address": "rdi-blog-app-pr-aps1-mum-01.cral63txeuck.ap-south-1.rds.amazonaws.com",
            "allocated_storage": 20,
            "allow_major_version_upgrade": null,
            "apply_immediately": false,
            "arn": "arn:aws:rds:ap-south-1:551242489466:db:rdi-blog-app-pr-aps1-mum-01",
            "auto_minor_version_upgrade": true,
            "availability_zone": "ap-south-1b",
            "backup_retention_period": 0,
            "backup_window": "23:25-23:55",
            "blue_green_update": [],
            "ca_cert_identifier": "rds-ca-2019",
            "character_set_name": "",
            "copy_tags_to_snapshot": true,
            "custom_iam_instance_profile": "",
            "customer_owned_ip_enabled": false,
            "db_name": "blogdb",
            "db_subnet_group_name": "rsng-blog-app-pr-aps1-mum-01",
            "delete_automated_backups": true,
            "deletion_protection": true,
            "domain": "",
            "domain_iam_role_name": "",
            "enabled_cloudwatch_logs_exports": [],
            "endpoint": "rdi-blog-app-pr-aps1-mum-01.cral63txeuck.ap-south-1.rds.amazonaws.com:5432",
            "engine": "postgres",
            "engine_version": "14.6",
            "engine_version_actual": "14.6",
            "final_snapshot_identifier": null,
            "hosted_zone_id": "Z2VFMSZA74J7XZ",
            "iam_database_authentication_enabled": false,
            "id": "rdi-blog-app-pr-aps1-mum-01",
            "identifier": "rdi-blog-app-pr-aps1-mum-01",
            "identifier_prefix": "",
            "instance_class": "db.t3.micro",
            "iops": 0,
            "kms_key_id": "arn:aws:kms:ap-south-1:551242489466:key/c647aeea-fec9-4139-8875-748071df2ded",
            "latest_restorable_time": "",
            "license_model": "postgresql-license",
            "listener_endpoint": [],
            "maintenance_window": "sun:00:00-sun:01:00",
            "manage_master_user_password": null,
            "master_user_secret": [],
            "master_user_secret_kms_key_id": null,
            "max_allocated_storage": 0,
            "monitoring_interval": 0,
            "monitoring_role_arn": "",
            "multi_az": false,
            "name": "blogdb",
            "nchar_character_set_name": "",
            "network_type": "IPV4",
            "option_group_name": "default:postgres-14",
            "parameter_group_name": "rpg-blog-app-pr-aps1-mum-01",
            "password": "blog_pass#123456789",
            "performance_insights_enabled": false,
            "performance_insights_kms_key_id": "",
            "performance_insights_retention_period": 0,
            "port": 5432,
            "publicly_accessible": false,
            "replica_mode": "",
            "replicas": [],
            "replicate_source_db": "",
            "resource_id": "db-CR2HW7ZVK4KN3XSMYAO3TRW3JY",
            "restore_to_point_in_time": [],
            "s3_import": [],
            "security_group_names": [],
            "skip_final_snapshot": true,
            "snapshot_identifier": null,
            "status": "available",
            "storage_encrypted": true,
            "storage_throughput": 0,
            "storage_type": "gp2",
            "tags": {
              "App Name": "blog-app",
              "Env": "pr",
              "Name": "rdi-blog-app-pr-aps1-mum-01"
            },
            "tags_all": {
              "App Name": "blog-app",
              "Env": "pr",
              "Name": "rdi-blog-app-pr-aps1-mum-01"
            },
            "timeouts": null,
            "timezone": "",
            "username": "blog_user",
            "vpc_security_group_ids": [
              "sg-0ff49996d1dbf93b7"
            ]
          },
          "sensitive_attributes": [],
          "private": "eyJlMmJmYjczMC1lY2FhLTExZTYtOGY4OC0zNDM2M2JjN2M0YzAiOnsiY3JlYXRlIjoyNDAwMDAwMDAwMDAwLCJkZWxldGUiOjM2MDAwMDAwMDAwMDAsInVwZGF0ZSI6NDgwMDAwMDAwMDAwMH0sInNjaGVtYV92ZXJzaW9uIjoiMSJ9",
          "dependencies": [
            "module.rds.aws_db_parameter_group.pg",
            "module.rds.aws_db_subnet_group.subnet_grp",
            "module.rds.aws_security_group.sg"
          ]
        }
      ]
    },
    {
      "module": "module.rds",
      "mode": "managed",
      "type": "aws_db_parameter_group",
      "name": "pg",
      "provider": "provider[\"registry.terraform.io/hashicorp/aws\"]",
      "instances": [
        {
          "schema_version": 0,
          "attributes": {
            "arn": "arn:aws:rds:ap-south-1:551242489466:pg:rpg-blog-app-pr-aps1-mum-01",
            "description": "Managed by Terraform",
            "family": "postgres14",
            "id": "rpg-blog-app-pr-aps1-mum-01",
            "name": "rpg-blog-app-pr-aps1-mum-01",
            "name_prefix": null,
            "parameter": [],
            "tags": {
              "App Name": "blog-app",
              "Env": "pr",
              "Name": "rpg-blog-app-pr-aps1-mum-01"
            },
            "tags_all": {
              "App Name": "blog-app",
              "Env": "pr",
              "Name": "rpg-blog-app-pr-aps1-mum-01"
            }
          },
          "sensitive_attributes": [],
          "private": "bnVsbA=="
        }
      ]
    },
    {
      "module": "module.rds",
      "mode": "managed",
      "type": "aws_db_subnet_group",
      "name": "subnet_grp",
      "provider": "provider[\"registry.terraform.io/hashicorp/aws\"]",
      "instances": [
        {
          "schema_version": 0,
          "attributes": {
            "arn": "arn:aws:rds:ap-south-1:551242489466:subgrp:rsng-blog-app-pr-aps1-mum-01",
            "description": "Subnet Group for RDS Blog Application",
            "id": "rsng-blog-app-pr-aps1-mum-01",
            "name": "rsng-blog-app-pr-aps1-mum-01",
            "name_prefix": "",
            "subnet_ids": [
              "subnet-084ce1e0bd59b5f89",
              "subnet-0991bd37fd7a18db4"
            ],
            "supported_network_types": [
              "IPV4"
            ],
            "tags": {
              "App Name": "blog-app",
              "Env": "pr",
              "Name": "rsng-blog-app-pr-aps1-mum-01"
            },
            "tags_all": {
              "App Name": "blog-app",
              "Env": "pr",
              "Name": "rsng-blog-app-pr-aps1-mum-01"
            }
          },
          "sensitive_attributes": [],
          "private": "bnVsbA=="
        }
      ]
    },
    {
      "module": "module.rds",
      "mode": "managed",
      "type": "aws_security_group",
      "name": "sg",
      "provider": "provider[\"registry.terraform.io/hashicorp/aws\"]",
      "instances": [
        {
          "schema_version": 1,
          "attributes": {
            "arn": "arn:aws:ec2:ap-south-1:551242489466:security-group/sg-0ff49996d1dbf93b7",
            "description": "Security Group for RDS Blog Application",
            "egress": [
              {
                "cidr_blocks": [
                  "0.0.0.0/0"
                ],
                "description": "",
                "from_port": 0,
                "ipv6_cidr_blocks": [],
                "prefix_list_ids": [],
                "protocol": "-1",
                "security_groups": [],
                "self": false,
                "to_port": 0
              }
            ],
            "id": "sg-0ff49996d1dbf93b7",
            "ingress": [
              {
                "cidr_blocks": [
                  "10.100.101.0/25",
                  "10.100.101.128/25"
                ],
                "description": "",
                "from_port": 5432,
                "ipv6_cidr_blocks": [],
                "prefix_list_ids": [],
                "protocol": "tcp",
                "security_groups": [],
                "self": false,
                "to_port": 5432
              }
            ],
            "name": "rsg-blog-app-pr-aps1-mum-01",
            "name_prefix": "",
            "owner_id": "551242489466",
            "revoke_rules_on_delete": false,
            "tags": {
              "App Name": "blog-app",
              "Env": "pr",
              "Name": "rsg-blog-app-pr-aps1-mum-01"
            },
            "tags_all": {
              "App Name": "blog-app",
              "Env": "pr",
              "Name": "rsg-blog-app-pr-aps1-mum-01"
            },
            "timeouts": null,
            "vpc_id": "vpc-07555889ab9662817"
          },
          "sensitive_attributes": [],
          "private": "eyJlMmJmYjczMC1lY2FhLTExZTYtOGY4OC0zNDM2M2JjN2M0YzAiOnsiY3JlYXRlIjo2MDAwMDAwMDAwMDAsImRlbGV0ZSI6OTAwMDAwMDAwMDAwfSwic2NoZW1hX3ZlcnNpb24iOiIxIn0="
        }
      ]
    }
  ],
  "check_results": null
}
